
Microsoft Visual Studio Solution File, Format Version 12.00
# Visual Studio Version 16
VisualStudioVersion = 16.0.29613.14
MinimumVisualStudioVersion = 10.0.40219.1
Project("{FAE04EC0-301F-11D3-BF4B-00C04F79EFBC}") = "UABEAvalonia", "UABEAvalonia\UABEAvalonia.csproj", "{5DF4DE55-1498-470C-A7FC-A7D64A15F2E0}"
EndProject
Global
	GlobalSection(SolutionConfigurationPlatforms) = preSolution
		Debug|Any CPU = Debug|Any CPU
		Release|Any CPU = Release|Any CPU
	EndGlobalSection
	GlobalSection(ProjectConfigurationPlatforms) = postSolution
		{5DF4DE55-1498-470C-A7FC-A7D64A15F2E0}.Debug|Any CPU.ActiveCfg = Debug|Any CPU
		{5DF4DE55-1498-470C-A7FC-A7D64A15F2E0}.Debug|Any CPU.Build.0 = Debug|Any CPU
		{5DF4DE55-1498-470C-A7FC-A7D64A15F2E0}.Release|Any CPU.ActiveCfg = Release|Any CPU
		{5DF4DE55-1498-470C-A7FC-A7D64A15F2E0}.Release|Any CPU.Build.0 = Release|Any CPU
	EndGlobalSection
	GlobalSection(SolutionProperties) = preSolution
		HideSolutionNode = FALSE
	EndGlobalSection
	GlobalSection(ExtensibilityGlobals) = postSolution
		SolutionGuid = {667155ED-1162-45F1-AFE6-484ED96632B7}
	EndGlobalSection
EndGlobal
